schema: '2.0'
stages:
  data_ingestion:
    cmd: python src/mnistClassifier/pipelines/stage_01_data_ingestion.py
    deps:
    - path: config/config.yaml
      hash: md5
      md5: a17778216e62a2f9f63563ab16aeaaf2
      size: 635
    - path: src/mnistClassifier/pipelines/stage_01_data_ingestion.py
      hash: md5
      md5: 9d921a2218e0c891808dae26f56e6c6f
      size: 742
  train_model:
    cmd: python src/mnistClassifier/pipelines/stage_02_train_model.py
    deps:
    - path: artifacts/data/test.csv
      hash: md5
      md5: 6c36e9d1067a565f448a86a811d71c04
      size: 21925258
    - path: artifacts/data/train.csv
      hash: md5
      md5: 865d59707ccecff041ecae83ac71c5f8
      size: 87719150
    - path: config/config.yaml
      hash: md5
      md5: a17778216e62a2f9f63563ab16aeaaf2
      size: 635
    - path: src/mnistClassifier/pipelines/stage_02_train_model.py
      hash: md5
      md5: f298d618d317098ae351050283bdb42c
      size: 1073
  evaluate_model:
    cmd: python src/mnistClassifier/pipelines/stage_03_evaluate_model.py
    deps:
    - path: artifacts/models/model.h5
      hash: md5
      md5: db072f1a7b512e4856e262a54105b95b
      size: 1493760
    - path: artifacts/models/preprocessor.pkl
      hash: md5
      md5: 51287dc0fd4080246d4283d8d6cbe697
      size: 30285
    - path: config/config.yaml
      hash: md5
      md5: a17778216e62a2f9f63563ab16aeaaf2
      size: 635
    - path: src/mnistClassifier/pipelines/stage_03_evaluate_model.py
      hash: md5
      md5: 83901ebb16b025ff75e443a8b23ad883
      size: 1102
